
Microsoft Visual Studio Solution File, Format Version 12.00
# Visual Studio Version 16
VisualStudioVersion = 16.0.30717.126
MinimumVisualStudioVersion = 10.0.40219.1
Project("{FAE04EC0-301F-11D3-BF4B-00C04F79EFBC}") = "VeriTabaniKatmani(VK)", "VeriTabaniKatmani\VeriTabaniKatmani(VK).csproj", "{501562E4-3D17-4382-8A1A-A56D8CCF16A9}"
EndProject
Project("{FAE04EC0-301F-11D3-BF4B-00C04F79EFBC}") = "IsKatmani(IK)", "IsKatmani\IsKatmani(IK).csproj", "{79B31ECA-A6B6-435E-B1C2-9086D9388DE5}"
EndProject
Project("{FAE04EC0-301F-11D3-BF4B-00C04F79EFBC}") = "VarOlanDegiskenKatmani(DK)", "VarOlanDegiskenKatmani\VarOlanDegiskenKatmani(DK).csproj", "{86A13FDA-09DC-4805-BFA4-B96611DF9304}"
EndProject
Project("{FAE04EC0-301F-11D3-BF4B-00C04F79EFBC}") = "SunumKatmani(SK)", "SunumKatmani\SunumKatmani(SK).csproj", "{32929909-8A3F-4828-B155-D719C4D75C17}"
EndProject
Project("{6141683F-8A12-4E36-9623-2EB02B2C2303}") = "Setup", "Setup\Setup.isproj", "{1BFCC688-1423-4F90-8849-A323012B6336}"
	ProjectSection(ProjectDependencies) = postProject
		{32929909-8A3F-4828-B155-D719C4D75C17} = {32929909-8A3F-4828-B155-D719C4D75C17}
	EndProjectSection
EndProject
Global
	GlobalSection(SolutionConfigurationPlatforms) = preSolution
		CD_ROM|Any CPU = CD_ROM|Any CPU
		CD_ROM|x64 = CD_ROM|x64
		CD_ROM|x86 = CD_ROM|x86
		Debug|Any CPU = Debug|Any CPU
		Debug|x64 = Debug|x64
		Debug|x86 = Debug|x86
		DVD-5|Any CPU = DVD-5|Any CPU
		DVD-5|x64 = DVD-5|x64
		DVD-5|x86 = DVD-5|x86
		Release|Any CPU = Release|Any CPU
		Release|x64 = Release|x64
		Release|x86 = Release|x86
		SingleImage|Any CPU = SingleImage|Any CPU
		SingleImage|x64 = SingleImage|x64
		SingleImage|x86 = SingleImage|x86
	EndGlobalSection
	GlobalSection(ProjectConfigurationPlatforms) = postSolution
		{501562E4-3D17-4382-8A1A-A56D8CCF16A9}.CD_ROM|Any CPU.ActiveCfg = Release|Any CPU
		{501562E4-3D17-4382-8A1A-A56D8CCF16A9}.CD_ROM|Any CPU.Build.0 = Release|Any CPU
		{501562E4-3D17-4382-8A1A-A56D8CCF16A9}.CD_ROM|x64.ActiveCfg = Debug|x64
		{501562E4-3D17-4382-8A1A-A56D8CCF16A9}.CD_ROM|x64.Build.0 = Debug|x64
		{501562E4-3D17-4382-8A1A-A56D8CCF16A9}.CD_ROM|x86.ActiveCfg = Debug|x86
		{501562E4-3D17-4382-8A1A-A56D8CCF16A9}.CD_ROM|x86.Build.0 = Debug|x86
		{501562E4-3D17-4382-8A1A-A56D8CCF16A9}.Debug|Any CPU.ActiveCfg = Debug|Any CPU
		{501562E4-3D17-4382-8A1A-A56D8CCF16A9}.Debug|Any CPU.Build.0 = Debug|Any CPU
		{501562E4-3D17-4382-8A1A-A56D8CCF16A9}.Debug|x64.ActiveCfg = Debug|x64
		{501562E4-3D17-4382-8A1A-A56D8CCF16A9}.Debug|x64.Build.0 = Debug|x64
		{501562E4-3D17-4382-8A1A-A56D8CCF16A9}.Debug|x86.ActiveCfg = Debug|x86
		{501562E4-3D17-4382-8A1A-A56D8CCF16A9}.Debug|x86.Build.0 = Debug|x86
		{501562E4-3D17-4382-8A1A-A56D8CCF16A9}.DVD-5|Any CPU.ActiveCfg = Debug|Any CPU
		{501562E4-3D17-4382-8A1A-A56D8CCF16A9}.DVD-5|Any CPU.Build.0 = Debug|Any CPU
		{501562E4-3D17-4382-8A1A-A56D8CCF16A9}.DVD-5|x64.ActiveCfg = Debug|x64
		{501562E4-3D17-4382-8A1A-A56D8CCF16A9}.DVD-5|x64.Build.0 = Debug|x64
		{501562E4-3D17-4382-8A1A-A56D8CCF16A9}.DVD-5|x86.ActiveCfg = Debug|x86
		{501562E4-3D17-4382-8A1A-A56D8CCF16A9}.DVD-5|x86.Build.0 = Debug|x86
		{501562E4-3D17-4382-8A1A-A56D8CCF16A9}.Release|Any CPU.ActiveCfg = Release|Any CPU
		{501562E4-3D17-4382-8A1A-A56D8CCF16A9}.Release|Any CPU.Build.0 = Release|Any CPU
		{501562E4-3D17-4382-8A1A-A56D8CCF16A9}.Release|x64.ActiveCfg = Release|x64
		{501562E4-3D17-4382-8A1A-A56D8CCF16A9}.Release|x64.Build.0 = Release|x64
		{501562E4-3D17-4382-8A1A-A56D8CCF16A9}.Release|x86.ActiveCfg = Release|x86
		{501562E4-3D17-4382-8A1A-A56D8CCF16A9}.Release|x86.Build.0 = Release|x86
		{501562E4-3D17-4382-8A1A-A56D8CCF16A9}.SingleImage|Any CPU.ActiveCfg = Release|Any CPU
		{501562E4-3D17-4382-8A1A-A56D8CCF16A9}.SingleImage|Any CPU.Build.0 = Release|Any CPU
		{501562E4-3D17-4382-8A1A-A56D8CCF16A9}.SingleImage|x64.ActiveCfg = Debug|x64
		{501562E4-3D17-4382-8A1A-A56D8CCF16A9}.SingleImage|x64.Build.0 = Debug|x64
		{501562E4-3D17-4382-8A1A-A56D8CCF16A9}.SingleImage|x86.ActiveCfg = Debug|x86
		{501562E4-3D17-4382-8A1A-A56D8CCF16A9}.SingleImage|x86.Build.0 = Debug|x86
		{79B31ECA-A6B6-435E-B1C2-9086D9388DE5}.CD_ROM|Any CPU.ActiveCfg = Release|Any CPU
		{79B31ECA-A6B6-435E-B1C2-9086D9388DE5}.CD_ROM|Any CPU.Build.0 = Release|Any CPU
		{79B31ECA-A6B6-435E-B1C2-9086D9388DE5}.CD_ROM|x64.ActiveCfg = Debug|x64
		{79B31ECA-A6B6-435E-B1C2-9086D9388DE5}.CD_ROM|x64.Build.0 = Debug|x64
		{79B31ECA-A6B6-435E-B1C2-9086D9388DE5}.CD_ROM|x86.ActiveCfg = Debug|x86
		{79B31ECA-A6B6-435E-B1C2-9086D9388DE5}.CD_ROM|x86.Build.0 = Debug|x86
		{79B31ECA-A6B6-435E-B1C2-9086D9388DE5}.Debug|Any CPU.ActiveCfg = Debug|Any CPU
		{79B31ECA-A6B6-435E-B1C2-9086D9388DE5}.Debug|Any CPU.Build.0 = Debug|Any CPU
		{79B31ECA-A6B6-435E-B1C2-9086D9388DE5}.Debug|x64.ActiveCfg = Debug|x64
		{79B31ECA-A6B6-435E-B1C2-9086D9388DE5}.Debug|x64.Build.0 = Debug|x64
		{79B31ECA-A6B6-435E-B1C2-9086D9388DE5}.Debug|x86.ActiveCfg = Debug|x86
		{79B31ECA-A6B6-435E-B1C2-9086D9388DE5}.Debug|x86.Build.0 = Debug|x86
		{79B31ECA-A6B6-435E-B1C2-9086D9388DE5}.DVD-5|Any CPU.ActiveCfg = Debug|Any CPU
		{79B31ECA-A6B6-435E-B1C2-9086D9388DE5}.DVD-5|Any CPU.Build.0 = Debug|Any CPU
		{79B31ECA-A6B6-435E-B1C2-9086D9388DE5}.DVD-5|x64.ActiveCfg = Debug|x64
		{79B31ECA-A6B6-435E-B1C2-9086D9388DE5}.DVD-5|x64.Build.0 = Debug|x64
		{79B31ECA-A6B6-435E-B1C2-9086D9388DE5}.DVD-5|x86.ActiveCfg = Debug|x86
		{79B31ECA-A6B6-435E-B1C2-9086D9388DE5}.DVD-5|x86.Build.0 = Debug|x86
		{79B31ECA-A6B6-435E-B1C2-9086D9388DE5}.Release|Any CPU.ActiveCfg = Release|Any CPU
		{79B31ECA-A6B6-435E-B1C2-9086D9388DE5}.Release|Any CPU.Build.0 = Release|Any CPU
		{79B31ECA-A6B6-435E-B1C2-9086D9388DE5}.Release|x64.ActiveCfg = Release|x64
		{79B31ECA-A6B6-435E-B1C2-9086D9388DE5}.Release|x64.Build.0 = Release|x64
		{79B31ECA-A6B6-435E-B1C2-9086D9388DE5}.Release|x86.ActiveCfg = Release|x86
		{79B31ECA-A6B6-435E-B1C2-9086D9388DE5}.Release|x86.Build.0 = Release|x86
		{79B31ECA-A6B6-435E-B1C2-9086D9388DE5}.SingleImage|Any CPU.ActiveCfg = Release|Any CPU
		{79B31ECA-A6B6-435E-B1C2-9086D9388DE5}.SingleImage|Any CPU.Build.0 = Release|Any CPU
		{79B31ECA-A6B6-435E-B1C2-9086D9388DE5}.SingleImage|x64.ActiveCfg = Debug|x64
		{79B31ECA-A6B6-435E-B1C2-9086D9388DE5}.SingleImage|x64.Build.0 = Debug|x64
		{79B31ECA-A6B6-435E-B1C2-9086D9388DE5}.SingleImage|x86.ActiveCfg = Debug|x86
		{79B31ECA-A6B6-435E-B1C2-9086D9388DE5}.SingleImage|x86.Build.0 = Debug|x86
		{86A13FDA-09DC-4805-BFA4-B96611DF9304}.CD_ROM|Any CPU.ActiveCfg = Release|Any CPU
		{86A13FDA-09DC-4805-BFA4-B96611DF9304}.CD_ROM|Any CPU.Build.0 = Release|Any CPU
		{86A13FDA-09DC-4805-BFA4-B96611DF9304}.CD_ROM|x64.ActiveCfg = Debug|x64
		{86A13FDA-09DC-4805-BFA4-B96611DF9304}.CD_ROM|x64.Build.0 = Debug|x64
		{86A13FDA-09DC-4805-BFA4-B96611DF9304}.CD_ROM|x86.ActiveCfg = Debug|x86
		{86A13FDA-09DC-4805-BFA4-B96611DF9304}.CD_ROM|x86.Build.0 = Debug|x86
		{86A13FDA-09DC-4805-BFA4-B96611DF9304}.Debug|Any CPU.ActiveCfg = Debug|Any CPU
		{86A13FDA-09DC-4805-BFA4-B96611DF9304}.Debug|Any CPU.Build.0 = Debug|Any CPU
		{86A13FDA-09DC-4805-BFA4-B96611DF9304}.Debug|x64.ActiveCfg = Debug|x64
		{86A13FDA-09DC-4805-BFA4-B96611DF9304}.Debug|x64.Build.0 = Debug|x64
		{86A13FDA-09DC-4805-BFA4-B96611DF9304}.Debug|x86.ActiveCfg = Debug|x86
		{86A13FDA-09DC-4805-BFA4-B96611DF9304}.Debug|x86.Build.0 = Debug|x86
		{86A13FDA-09DC-4805-BFA4-B96611DF9304}.DVD-5|Any CPU.ActiveCfg = Debug|Any CPU
		{86A13FDA-09DC-4805-BFA4-B96611DF9304}.DVD-5|Any CPU.Build.0 = Debug|Any CPU
		{86A13FDA-09DC-4805-BFA4-B96611DF9304}.DVD-5|x64.ActiveCfg = Debug|x64
		{86A13FDA-09DC-4805-BFA4-B96611DF9304}.DVD-5|x64.Build.0 = Debug|x64
		{86A13FDA-09DC-4805-BFA4-B96611DF9304}.DVD-5|x86.ActiveCfg = Debug|x86
		{86A13FDA-09DC-4805-BFA4-B96611DF9304}.DVD-5|x86.Build.0 = Debug|x86
		{86A13FDA-09DC-4805-BFA4-B96611DF9304}.Release|Any CPU.ActiveCfg = Release|Any CPU
		{86A13FDA-09DC-4805-BFA4-B96611DF9304}.Release|Any CPU.Build.0 = Release|Any CPU
		{86A13FDA-09DC-4805-BFA4-B96611DF9304}.Release|x64.ActiveCfg = Release|x64
		{86A13FDA-09DC-4805-BFA4-B96611DF9304}.Release|x64.Build.0 = Release|x64
		{86A13FDA-09DC-4805-BFA4-B96611DF9304}.Release|x86.ActiveCfg = Release|x86
		{86A13FDA-09DC-4805-BFA4-B96611DF9304}.Release|x86.Build.0 = Release|x86
		{86A13FDA-09DC-4805-BFA4-B96611DF9304}.SingleImage|Any CPU.ActiveCfg = Release|Any CPU
		{86A13FDA-09DC-4805-BFA4-B96611DF9304}.SingleImage|Any CPU.Build.0 = Release|Any CPU
		{86A13FDA-09DC-4805-BFA4-B96611DF9304}.SingleImage|x64.ActiveCfg = Debug|x64
		{86A13FDA-09DC-4805-BFA4-B96611DF9304}.SingleImage|x64.Build.0 = Debug|x64
		{86A13FDA-09DC-4805-BFA4-B96611DF9304}.SingleImage|x86.ActiveCfg = Debug|x86
		{86A13FDA-09DC-4805-BFA4-B96611DF9304}.SingleImage|x86.Build.0 = Debug|x86
		{32929909-8A3F-4828-B155-D719C4D75C17}.CD_ROM|Any CPU.ActiveCfg = Release|Any CPU
		{32929909-8A3F-4828-B155-D719C4D75C17}.CD_ROM|Any CPU.Build.0 = Release|Any CPU
		{32929909-8A3F-4828-B155-D719C4D75C17}.CD_ROM|x64.ActiveCfg = Debug|x64
		{32929909-8A3F-4828-B155-D719C4D75C17}.CD_ROM|x64.Build.0 = Debug|x64
		{32929909-8A3F-4828-B155-D719C4D75C17}.CD_ROM|x86.ActiveCfg = Debug|x86
		{32929909-8A3F-4828-B155-D719C4D75C17}.CD_ROM|x86.Build.0 = Debug|x86
		{32929909-8A3F-4828-B155-D719C4D75C17}.Debug|Any CPU.ActiveCfg = Debug|Any CPU
		{32929909-8A3F-4828-B155-D719C4D75C17}.Debug|Any CPU.Build.0 = Debug|Any CPU
		{32929909-8A3F-4828-B155-D719C4D75C17}.Debug|x64.ActiveCfg = Debug|x64
		{32929909-8A3F-4828-B155-D719C4D75C17}.Debug|x64.Build.0 = Debug|x64
		{32929909-8A3F-4828-B155-D719C4D75C17}.Debug|x86.ActiveCfg = Debug|x86
		{32929909-8A3F-4828-B155-D719C4D75C17}.Debug|x86.Build.0 = Debug|x86
		{32929909-8A3F-4828-B155-D719C4D75C17}.DVD-5|Any CPU.ActiveCfg = Debug|Any CPU
		{32929909-8A3F-4828-B155-D719C4D75C17}.DVD-5|Any CPU.Build.0 = Debug|Any CPU
		{32929909-8A3F-4828-B155-D719C4D75C17}.DVD-5|x64.ActiveCfg = Debug|x64
		{32929909-8A3F-4828-B155-D719C4D75C17}.DVD-5|x64.Build.0 = Debug|x64
		{32929909-8A3F-4828-B155-D719C4D75C17}.DVD-5|x86.ActiveCfg = Debug|x86
		{32929909-8A3F-4828-B155-D719C4D75C17}.DVD-5|x86.Build.0 = Debug|x86
		{32929909-8A3F-4828-B155-D719C4D75C17}.Release|Any CPU.ActiveCfg = Release|Any CPU
		{32929909-8A3F-4828-B155-D719C4D75C17}.Release|Any CPU.Build.0 = Release|Any CPU
		{32929909-8A3F-4828-B155-D719C4D75C17}.Release|x64.ActiveCfg = Release|x64
		{32929909-8A3F-4828-B155-D719C4D75C17}.Release|x64.Build.0 = Release|x64
		{32929909-8A3F-4828-B155-D719C4D75C17}.Release|x86.ActiveCfg = Release|x86
		{32929909-8A3F-4828-B155-D719C4D75C17}.Release|x86.Build.0 = Release|x86
		{32929909-8A3F-4828-B155-D719C4D75C17}.SingleImage|Any CPU.ActiveCfg = Release|Any CPU
		{32929909-8A3F-4828-B155-D719C4D75C17}.SingleImage|Any CPU.Build.0 = Release|Any CPU
		{32929909-8A3F-4828-B155-D719C4D75C17}.SingleImage|x64.ActiveCfg = Debug|x64
		{32929909-8A3F-4828-B155-D719C4D75C17}.SingleImage|x64.Build.0 = Debug|x64
		{32929909-8A3F-4828-B155-D719C4D75C17}.SingleImage|x86.ActiveCfg = Debug|x86
		{32929909-8A3F-4828-B155-D719C4D75C17}.SingleImage|x86.Build.0 = Debug|x86
		{1BFCC688-1423-4F90-8849-A323012B6336}.CD_ROM|Any CPU.ActiveCfg = CD_ROM
		{1BFCC688-1423-4F90-8849-A323012B6336}.CD_ROM|Any CPU.Build.0 = CD_ROM
		{1BFCC688-1423-4F90-8849-A323012B6336}.CD_ROM|x64.ActiveCfg = CD_ROM
		{1BFCC688-1423-4F90-8849-A323012B6336}.CD_ROM|x64.Build.0 = CD_ROM
		{1BFCC688-1423-4F90-8849-A323012B6336}.CD_ROM|x86.ActiveCfg = CD_ROM
		{1BFCC688-1423-4F90-8849-A323012B6336}.CD_ROM|x86.Build.0 = CD_ROM
		{1BFCC688-1423-4F90-8849-A323012B6336}.Debug|Any CPU.ActiveCfg = SingleImage
		{1BFCC688-1423-4F90-8849-A323012B6336}.Debug|Any CPU.Build.0 = SingleImage
		{1BFCC688-1423-4F90-8849-A323012B6336}.Debug|x64.ActiveCfg = DVD-5
		{1BFCC688-1423-4F90-8849-A323012B6336}.Debug|x64.Build.0 = DVD-5
		{1BFCC688-1423-4F90-8849-A323012B6336}.Debug|x86.ActiveCfg = DVD-5
		{1BFCC688-1423-4F90-8849-A323012B6336}.Debug|x86.Build.0 = DVD-5
		{1BFCC688-1423-4F90-8849-A323012B6336}.DVD-5|Any CPU.ActiveCfg = DVD-5
		{1BFCC688-1423-4F90-8849-A323012B6336}.DVD-5|Any CPU.Build.0 = DVD-5
		{1BFCC688-1423-4F90-8849-A323012B6336}.DVD-5|x64.ActiveCfg = DVD-5
		{1BFCC688-1423-4F90-8849-A323012B6336}.DVD-5|x64.Build.0 = DVD-5
		{1BFCC688-1423-4F90-8849-A323012B6336}.DVD-5|x86.ActiveCfg = DVD-5
		{1BFCC688-1423-4F90-8849-A323012B6336}.DVD-5|x86.Build.0 = DVD-5
		{1BFCC688-1423-4F90-8849-A323012B6336}.Release|Any CPU.ActiveCfg = CD_ROM
		{1BFCC688-1423-4F90-8849-A323012B6336}.Release|Any CPU.Build.0 = CD_ROM
		{1BFCC688-1423-4F90-8849-A323012B6336}.Release|x64.ActiveCfg = CD_ROM
		{1BFCC688-1423-4F90-8849-A323012B6336}.Release|x64.Build.0 = CD_ROM
		{1BFCC688-1423-4F90-8849-A323012B6336}.Release|x86.ActiveCfg = CD_ROM
		{1BFCC688-1423-4F90-8849-A323012B6336}.Release|x86.Build.0 = CD_ROM
		{1BFCC688-1423-4F90-8849-A323012B6336}.SingleImage|Any CPU.ActiveCfg = SingleImage
		{1BFCC688-1423-4F90-8849-A323012B6336}.SingleImage|Any CPU.Build.0 = SingleImage
		{1BFCC688-1423-4F90-8849-A323012B6336}.SingleImage|x64.ActiveCfg = SingleImage
		{1BFCC688-1423-4F90-8849-A323012B6336}.SingleImage|x64.Build.0 = SingleImage
		{1BFCC688-1423-4F90-8849-A323012B6336}.SingleImage|x86.ActiveCfg = SingleImage
		{1BFCC688-1423-4F90-8849-A323012B6336}.SingleImage|x86.Build.0 = SingleImage
	EndGlobalSection
	GlobalSection(SolutionProperties) = preSolution
		HideSolutionNode = FALSE
	EndGlobalSection
	GlobalSection(ExtensibilityGlobals) = postSolution
		SolutionGuid = {EC8ADCD4-08DA-450A-8F0F-02D5AB3DB48B}
	EndGlobalSection
EndGlobal
